// !$*UTF8*$!
{
	archiveVersion = 1;
	classes = {
	};
	objectVersion = 48;
	objects = {

/* Begin PBXBuildFile section */
		1F1E01BD1FA2309A00E05229 /* AppDelegate.swift in Sources */ = {isa = PBXBuildFile; fileRef = 1F1E01BC1FA2309A00E05229 /* AppDelegate.swift */; };
		1F1E01C41FA2309A00E05229 /* Assets.xcassets in Resources */ = {isa = PBXBuildFile; fileRef = 1F1E01C31FA2309A00E05229 /* Assets.xcassets */; };
		1F1E01C71FA2309A00E05229 /* LaunchScreen.storyboard in Resources */ = {isa = PBXBuildFile; fileRef = 1F1E01C51FA2309A00E05229 /* LaunchScreen.storyboard */; };
		1F1E01D21FA2309A00E05229 /* Westside_iOSTests.swift in Sources */ = {isa = PBXBuildFile; fileRef = 1F1E01D11FA2309A00E05229 /* Westside_iOSTests.swift */; };
		1F1E01DD1FA2309A00E05229 /* Westside_iOSUITests.swift in Sources */ = {isa = PBXBuildFile; fileRef = 1F1E01DC1FA2309A00E05229 /* Westside_iOSUITests.swift */; };
		1F99B4451FAA069E00BCEEBD /* WestsideTabBarContoller.swift in Sources */ = {isa = PBXBuildFile; fileRef = 1F99B4441FAA069E00BCEEBD /* WestsideTabBarContoller.swift */; };
		1F99B4471FAA092A00BCEEBD /* TestViewController.swift in Sources */ = {isa = PBXBuildFile; fileRef = 1F99B4461FAA092A00BCEEBD /* TestViewController.swift */; };
		1F99B4491FAA0AD400BCEEBD /* TestViewController.xib in Resources */ = {isa = PBXBuildFile; fileRef = 1F99B4481FAA0AD400BCEEBD /* TestViewController.xib */; };
		1F99B44C1FAA0E2C00BCEEBD /* UIViewController+Child.swift in Sources */ = {isa = PBXBuildFile; fileRef = 1F99B44B1FAA0E2C00BCEEBD /* UIViewController+Child.swift */; };
		1F99B44E1FAA14BA00BCEEBD /* UIColor+Westside.swift in Sources */ = {isa = PBXBuildFile; fileRef = 1F99B44D1FAA14BA00BCEEBD /* UIColor+Westside.swift */; };
		1F99B4521FAA5E5300BCEEBD /* Reachability.swift in Sources */ = {isa = PBXBuildFile; fileRef = 1F99B4511FAA5E5300BCEEBD /* Reachability.swift */; };
		1F99B4541FAA5F2200BCEEBD /* Toast.swift in Sources */ = {isa = PBXBuildFile; fileRef = 1F99B4531FAA5F2200BCEEBD /* Toast.swift */; };
		1F99B4571FAA5F6A00BCEEBD /* Store.swift in Sources */ = {isa = PBXBuildFile; fileRef = 1F99B4561FAA5F6A00BCEEBD /* Store.swift */; };
		1F99B4B91FAB764000BCEEBD /* Forge.framework in Frameworks */ = {isa = PBXBuildFile; fileRef = 1F99B4B41FAB738400BCEEBD /* Forge.framework */; };
		1F99B4BA1FAB764000BCEEBD /* Forge.framework in Embed Frameworks */ = {isa = PBXBuildFile; fileRef = 1F99B4B41FAB738400BCEEBD /* Forge.framework */; settings = {ATTRIBUTES = (CodeSignOnCopy, RemoveHeadersOnCopy, ); }; };
		1FCB41161FA8B82C00B05B67 /* ContainerViewController.swift in Sources */ = {isa = PBXBuildFile; fileRef = 1FCB41151FA8B82C00B05B67 /* ContainerViewController.swift */; };
		1FCB41181FA8B85200B05B67 /* ContainerViewController.xib in Resources */ = {isa = PBXBuildFile; fileRef = 1FCB41171FA8B85200B05B67 /* ContainerViewController.xib */; };
/* End PBXBuildFile section */

/* Begin PBXContainerItemProxy section */
		1F1E01CE1FA2309A00E05229 /* PBXContainerItemProxy */ = {
			isa = PBXContainerItemProxy;
			containerPortal = 1F1E01B11FA2309A00E05229 /* Project object */;
			proxyType = 1;
			remoteGlobalIDString = 1F1E01B81FA2309A00E05229;
			remoteInfo = "Westside-iOS";
		};
		1F1E01D91FA2309A00E05229 /* PBXContainerItemProxy */ = {
			isa = PBXContainerItemProxy;
			containerPortal = 1F1E01B11FA2309A00E05229 /* Project object */;
			proxyType = 1;
			remoteGlobalIDString = 1F1E01B81FA2309A00E05229;
			remoteInfo = "Westside-iOS";
		};
		1F99B4B31FAB738400BCEEBD /* PBXContainerItemProxy */ = {
			isa = PBXContainerItemProxy;
			containerPortal = 1F99B4AD1FAB738400BCEEBD /* Forge.xcodeproj */;
			proxyType = 2;
			remoteGlobalIDString = 144649C41BA07BBA00C9E48B;
			remoteInfo = Forge;
		};
		1F99B4B51FAB738400BCEEBD /* PBXContainerItemProxy */ = {
			isa = PBXContainerItemProxy;
			containerPortal = 1F99B4AD1FAB738400BCEEBD /* Forge.xcodeproj */;
			proxyType = 2;
			remoteGlobalIDString = 144649CD1BA07BBB00C9E48B;
			remoteInfo = ForgeTests;
		};
		1F99B4B71FAB738400BCEEBD /* PBXContainerItemProxy */ = {
			isa = PBXContainerItemProxy;
			containerPortal = 1F99B4AD1FAB738400BCEEBD /* Forge.xcodeproj */;
			proxyType = 2;
			remoteGlobalIDString = 14A11C141DCA3D3100ED23A2;
			remoteInfo = ForgeHostApp;
		};
		1F99B4BB1FAB764000BCEEBD /* PBXContainerItemProxy */ = {
			isa = PBXContainerItemProxy;
			containerPortal = 1F99B4AD1FAB738400BCEEBD /* Forge.xcodeproj */;
			proxyType = 1;
			remoteGlobalIDString = 144649C31BA07BBA00C9E48B;
			remoteInfo = Forge;
		};
/* End PBXContainerItemProxy section */

/* Begin PBXCopyFilesBuildPhase section */
		1F99B4BD1FAB764000BCEEBD /* Embed Frameworks */ = {
			isa = PBXCopyFilesBuildPhase;
			buildActionMask = 2147483647;
			dstPath = "";
			dstSubfolderSpec = 10;
			files = (
				1F99B4BA1FAB764000BCEEBD /* Forge.framework in Embed Frameworks */,
			);
			name = "Embed Frameworks";
			runOnlyForDeploymentPostprocessing = 0;
		};
/* End PBXCopyFilesBuildPhase section */

/* Begin PBXFileReference section */
		1F1E01B91FA2309A00E05229 /* Westside-iOS.app */ = {isa = PBXFileReference; explicitFileType = wrapper.application; includeInIndex = 0; path = "Westside-iOS.app"; sourceTree = BUILT_PRODUCTS_DIR; };
		1F1E01BC1FA2309A00E05229 /* AppDelegate.swift */ = {isa = PBXFileReference; lastKnownFileType = sourcecode.swift; path = AppDelegate.swift; sourceTree = "<group>"; };
		1F1E01C31FA2309A00E05229 /* Assets.xcassets */ = {isa = PBXFileReference; lastKnownFileType = folder.assetcatalog; path = Assets.xcassets; sourceTree = "<group>"; };
		1F1E01C61FA2309A00E05229 /* Base */ = {isa = PBXFileReference; lastKnownFileType = file.storyboard; name = Base; path = Base.lproj/LaunchScreen.storyboard; sourceTree = "<group>"; };
		1F1E01C81FA2309A00E05229 /* Info.plist */ = {isa = PBXFileReference; lastKnownFileType = text.plist.xml; path = Info.plist; sourceTree = "<group>"; };
		1F1E01CD1FA2309A00E05229 /* Westside-iOSTests.xctest */ = {isa = PBXFileReference; explicitFileType = wrapper.cfbundle; includeInIndex = 0; path = "Westside-iOSTests.xctest"; sourceTree = BUILT_PRODUCTS_DIR; };
		1F1E01D11FA2309A00E05229 /* Westside_iOSTests.swift */ = {isa = PBXFileReference; lastKnownFileType = sourcecode.swift; path = Westside_iOSTests.swift; sourceTree = "<group>"; };
		1F1E01D31FA2309A00E05229 /* Info.plist */ = {isa = PBXFileReference; lastKnownFileType = text.plist.xml; path = Info.plist; sourceTree = "<group>"; };
		1F1E01D81FA2309A00E05229 /* Westside-iOSUITests.xctest */ = {isa = PBXFileReference; explicitFileType = wrapper.cfbundle; includeInIndex = 0; path = "Westside-iOSUITests.xctest"; sourceTree = BUILT_PRODUCTS_DIR; };
		1F1E01DC1FA2309A00E05229 /* Westside_iOSUITests.swift */ = {isa = PBXFileReference; lastKnownFileType = sourcecode.swift; path = Westside_iOSUITests.swift; sourceTree = "<group>"; };
		1F1E01DE1FA2309A00E05229 /* Info.plist */ = {isa = PBXFileReference; lastKnownFileType = text.plist.xml; path = Info.plist; sourceTree = "<group>"; };
		1F99B4441FAA069E00BCEEBD /* WestsideTabBarContoller.swift */ = {isa = PBXFileReference; lastKnownFileType = sourcecode.swift; path = WestsideTabBarContoller.swift; sourceTree = "<group>"; };
		1F99B4461FAA092A00BCEEBD /* TestViewController.swift */ = {isa = PBXFileReference; lastKnownFileType = sourcecode.swift; path = TestViewController.swift; sourceTree = "<group>"; };
		1F99B4481FAA0AD400BCEEBD /* TestViewController.xib */ = {isa = PBXFileReference; lastKnownFileType = file.xib; path = TestViewController.xib; sourceTree = "<group>"; };
		1F99B44B1FAA0E2C00BCEEBD /* UIViewController+Child.swift */ = {isa = PBXFileReference; lastKnownFileType = sourcecode.swift; path = "UIViewController+Child.swift"; sourceTree = "<group>"; };
		1F99B44D1FAA14BA00BCEEBD /* UIColor+Westside.swift */ = {isa = PBXFileReference; lastKnownFileType = sourcecode.swift; path = "UIColor+Westside.swift"; sourceTree = "<group>"; };
		1F99B4511FAA5E5300BCEEBD /* Reachability.swift */ = {isa = PBXFileReference; lastKnownFileType = sourcecode.swift; path = Reachability.swift; sourceTree = "<group>"; };
		1F99B4531FAA5F2200BCEEBD /* Toast.swift */ = {isa = PBXFileReference; lastKnownFileType = sourcecode.swift; path = Toast.swift; sourceTree = "<group>"; };
		1F99B4561FAA5F6A00BCEEBD /* Store.swift */ = {isa = PBXFileReference; lastKnownFileType = sourcecode.swift; path = Store.swift; sourceTree = "<group>"; };
		1F99B4AD1FAB738400BCEEBD /* Forge.xcodeproj */ = {isa = PBXFileReference; lastKnownFileType = "wrapper.pb-project"; name = Forge.xcodeproj; path = stkstdios/Forge.xcodeproj; sourceTree = "<group>"; };
		1FCB41151FA8B82C00B05B67 /* ContainerViewController.swift */ = {isa = PBXFileReference; lastKnownFileType = sourcecode.swift; path = ContainerViewController.swift; sourceTree = "<group>"; };
		1FCB41171FA8B85200B05B67 /* ContainerViewController.xib */ = {isa = PBXFileReference; lastKnownFileType = file.xib; path = ContainerViewController.xib; sourceTree = "<group>"; };
/* End PBXFileReference section */

/* Begin PBXFrameworksBuildPhase section */
		1F1E01B61FA2309A00E05229 /* Frameworks */ = {
			isa = PBXFrameworksBuildPhase;
			buildActionMask = 2147483647;
			files = (
				1F99B4B91FAB764000BCEEBD /* Forge.framework in Frameworks */,
			);
			runOnlyForDeploymentPostprocessing = 0;
		};
		1F1E01CA1FA2309A00E05229 /* Frameworks */ = {
			isa = PBXFrameworksBuildPhase;
			buildActionMask = 2147483647;
			files = (
			);
			runOnlyForDeploymentPostprocessing = 0;
		};
		1F1E01D51FA2309A00E05229 /* Frameworks */ = {
			isa = PBXFrameworksBuildPhase;
			buildActionMask = 2147483647;
			files = (
			);
			runOnlyForDeploymentPostprocessing = 0;
		};
/* End PBXFrameworksBuildPhase section */

/* Begin PBXGroup section */
		1F1E01B01FA2309A00E05229 = {
			isa = PBXGroup;
			children = (
				1F99B4AD1FAB738400BCEEBD /* Forge.xcodeproj */,
				1F1E01BB1FA2309A00E05229 /* Westside-iOS */,
				1F1E01D01FA2309A00E05229 /* Westside-iOSTests */,
				1F1E01DB1FA2309A00E05229 /* Westside-iOSUITests */,
				1F1E01BA1FA2309A00E05229 /* Products */,
			);
			sourceTree = "<group>";
		};
		1F1E01BA1FA2309A00E05229 /* Products */ = {
			isa = PBXGroup;
			children = (
				1F1E01B91FA2309A00E05229 /* Westside-iOS.app */,
				1F1E01CD1FA2309A00E05229 /* Westside-iOSTests.xctest */,
				1F1E01D81FA2309A00E05229 /* Westside-iOSUITests.xctest */,
			);
			name = Products;
			sourceTree = "<group>";
		};
		1F1E01BB1FA2309A00E05229 /* Westside-iOS */ = {
			isa = PBXGroup;
			children = (
				1F99B4551FAA5F5700BCEEBD /* Store */,
				1F99B44A1FAA0DF500BCEEBD /* Utilities */,
				1FCB41191FA8B96300B05B67 /* Controller */,
				1F1E01BC1FA2309A00E05229 /* AppDelegate.swift */,
				1F1E01C31FA2309A00E05229 /* Assets.xcassets */,
				1F1E01C51FA2309A00E05229 /* LaunchScreen.storyboard */,
				1F1E01C81FA2309A00E05229 /* Info.plist */,
			);
			path = "Westside-iOS";
			sourceTree = "<group>";
		};
		1F1E01D01FA2309A00E05229 /* Westside-iOSTests */ = {
			isa = PBXGroup;
			children = (
				1F1E01D11FA2309A00E05229 /* Westside_iOSTests.swift */,
				1F1E01D31FA2309A00E05229 /* Info.plist */,
			);
			path = "Westside-iOSTests";
			sourceTree = "<group>";
		};
		1F1E01DB1FA2309A00E05229 /* Westside-iOSUITests */ = {
			isa = PBXGroup;
			children = (
				1F1E01DC1FA2309A00E05229 /* Westside_iOSUITests.swift */,
				1F1E01DE1FA2309A00E05229 /* Info.plist */,
			);
			path = "Westside-iOSUITests";
			sourceTree = "<group>";
		};
		1F99B44A1FAA0DF500BCEEBD /* Utilities */ = {
			isa = PBXGroup;
			children = (
				1F99B44B1FAA0E2C00BCEEBD /* UIViewController+Child.swift */,
				1F99B44D1FAA14BA00BCEEBD /* UIColor+Westside.swift */,
				1F99B4511FAA5E5300BCEEBD /* Reachability.swift */,
				1F99B4531FAA5F2200BCEEBD /* Toast.swift */,
			);
			path = Utilities;
			sourceTree = "<group>";
		};
		1F99B4551FAA5F5700BCEEBD /* Store */ = {
			isa = PBXGroup;
			children = (
				1F99B4561FAA5F6A00BCEEBD /* Store.swift */,
			);
			path = Store;
			sourceTree = "<group>";
		};
		1F99B4AE1FAB738400BCEEBD /* Products */ = {
			isa = PBXGroup;
			children = (
				1F99B4B41FAB738400BCEEBD /* Forge.framework */,
				1F99B4B61FAB738400BCEEBD /* ForgeTests.xctest */,
				1F99B4B81FAB738400BCEEBD /* ForgeHostApp.app */,
			);
			name = Products;
			sourceTree = "<group>";
		};
		1FCB41191FA8B96300B05B67 /* Controller */ = {
			isa = PBXGroup;
			children = (
				1FCB41151FA8B82C00B05B67 /* ContainerViewController.swift */,
				1FCB41171FA8B85200B05B67 /* ContainerViewController.xib */,
				1F99B4441FAA069E00BCEEBD /* WestsideTabBarContoller.swift */,
				1F99B4461FAA092A00BCEEBD /* TestViewController.swift */,
				1F99B4481FAA0AD400BCEEBD /* TestViewController.xib */,
			);
			path = Controller;
			sourceTree = "<group>";
		};
/* End PBXGroup section */

/* Begin PBXNativeTarget section */
		1F1E01B81FA2309A00E05229 /* Westside-iOS */ = {
			isa = PBXNativeTarget;
			buildConfigurationList = 1F1E01E11FA2309A00E05229 /* Build configuration list for PBXNativeTarget "Westside-iOS" */;
			buildPhases = (
				1F1E01B51FA2309A00E05229 /* Sources */,
				1F1E01B61FA2309A00E05229 /* Frameworks */,
				1F1E01B71FA2309A00E05229 /* Resources */,
				1F99B4BD1FAB764000BCEEBD /* Embed Frameworks */,
			);
			buildRules = (
			);
			dependencies = (
				1F99B4BC1FAB764000BCEEBD /* PBXTargetDependency */,
			);
			name = "Westside-iOS";
			productName = "Westside-iOS";
			productReference = 1F1E01B91FA2309A00E05229 /* Westside-iOS.app */;
			productType = "com.apple.product-type.application";
		};
		1F1E01CC1FA2309A00E05229 /* Westside-iOSTests */ = {
			isa = PBXNativeTarget;
			buildConfigurationList = 1F1E01E41FA2309A00E05229 /* Build configuration list for PBXNativeTarget "Westside-iOSTests" */;
			buildPhases = (
				1F1E01C91FA2309A00E05229 /* Sources */,
				1F1E01CA1FA2309A00E05229 /* Frameworks */,
				1F1E01CB1FA2309A00E05229 /* Resources */,
			);
			buildRules = (
			);
			dependencies = (
				1F1E01CF1FA2309A00E05229 /* PBXTargetDependency */,
			);
			name = "Westside-iOSTests";
			productName = "Westside-iOSTests";
			productReference = 1F1E01CD1FA2309A00E05229 /* Westside-iOSTests.xctest */;
			productType = "com.apple.product-type.bundle.unit-test";
		};
		1F1E01D71FA2309A00E05229 /* Westside-iOSUITests */ = {
			isa = PBXNativeTarget;
			buildConfigurationList = 1F1E01E71FA2309A00E05229 /* Build configuration list for PBXNativeTarget "Westside-iOSUITests" */;
			buildPhases = (
				1F1E01D41FA2309A00E05229 /* Sources */,
				1F1E01D51FA2309A00E05229 /* Frameworks */,
				1F1E01D61FA2309A00E05229 /* Resources */,
			);
			buildRules = (
			);
			dependencies = (
				1F1E01DA1FA2309A00E05229 /* PBXTargetDependency */,
			);
			name = "Westside-iOSUITests";
			productName = "Westside-iOSUITests";
			productReference = 1F1E01D81FA2309A00E05229 /* Westside-iOSUITests.xctest */;
			productType = "com.apple.product-type.bundle.ui-testing";
		};
/* End PBXNativeTarget section */

/* Begin PBXProject section */
		1F1E01B11FA2309A00E05229 /* Project object */ = {
			isa = PBXProject;
			attributes = {
				LastSwiftUpdateCheck = 0900;
				LastUpgradeCheck = 0900;
				ORGANIZATIONNAME = "Bryan Richardson";
				TargetAttributes = {
					1F1E01B81FA2309A00E05229 = {
						CreatedOnToolsVersion = 9.0.1;
						ProvisioningStyle = Automatic;
					};
					1F1E01CC1FA2309A00E05229 = {
						CreatedOnToolsVersion = 9.0.1;
						ProvisioningStyle = Automatic;
						TestTargetID = 1F1E01B81FA2309A00E05229;
					};
					1F1E01D71FA2309A00E05229 = {
						CreatedOnToolsVersion = 9.0.1;
						ProvisioningStyle = Automatic;
						TestTargetID = 1F1E01B81FA2309A00E05229;
					};
				};
			};
			buildConfigurationList = 1F1E01B41FA2309A00E05229 /* Build configuration list for PBXProject "Westside-iOS" */;
			compatibilityVersion = "Xcode 8.0";
			developmentRegion = en;
			hasScannedForEncodings = 0;
			knownRegions = (
				en,
				Base,
			);
			mainGroup = 1F1E01B01FA2309A00E05229;
			productRefGroup = 1F1E01BA1FA2309A00E05229 /* Products */;
			projectDirPath = "";
			projectReferences = (
				{
					ProductGroup = 1F99B4AE1FAB738400BCEEBD /* Products */;
					ProjectRef = 1F99B4AD1FAB738400BCEEBD /* Forge.xcodeproj */;
				},
			);
			projectRoot = "";
			targets = (
				1F1E01B81FA2309A00E05229 /* Westside-iOS */,
				1F1E01CC1FA2309A00E05229 /* Westside-iOSTests */,
				1F1E01D71FA2309A00E05229 /* Westside-iOSUITests */,
			);
		};
/* End PBXProject section */

/* Begin PBXReferenceProxy section */
		1F99B4B41FAB738400BCEEBD /* Forge.framework */ = {
			isa = PBXReferenceProxy;
			fileType = wrapper.framework;
			path = Forge.framework;
			remoteRef = 1F99B4B31FAB738400BCEEBD /* PBXContainerItemProxy */;
			sourceTree = BUILT_PRODUCTS_DIR;
		};
		1F99B4B61FAB738400BCEEBD /* ForgeTests.xctest */ = {
			isa = PBXReferenceProxy;
			fileType = wrapper.cfbundle;
			path = ForgeTests.xctest;
			remoteRef = 1F99B4B51FAB738400BCEEBD /* PBXContainerItemProxy */;
			sourceTree = BUILT_PRODUCTS_DIR;
		};
		1F99B4B81FAB738400BCEEBD /* ForgeHostApp.app */ = {
			isa = PBXReferenceProxy;
			fileType = wrapper.application;
			path = ForgeHostApp.app;
			remoteRef = 1F99B4B71FAB738400BCEEBD /* PBXContainerItemProxy */;
			sourceTree = BUILT_PRODUCTS_DIR;
		};
/* End PBXReferenceProxy section */

/* Begin PBXResourcesBuildPhase section */
		1F1E01B71FA2309A00E05229 /* Resources */ = {
			isa = PBXResourcesBuildPhase;
			buildActionMask = 2147483647;
			files = (
				1F1E01C71FA2309A00E05229 /* LaunchScreen.storyboard in Resources */,
				1FCB41181FA8B85200B05B67 /* ContainerViewController.xib in Resources */,
				1F99B4491FAA0AD400BCEEBD /* TestViewController.xib in Resources */,
				1F1E01C41FA2309A00E05229 /* Assets.xcassets in Resources */,
			);
			runOnlyForDeploymentPostprocessing = 0;
		};
		1F1E01CB1FA2309A00E05229 /* Resources */ = {
			isa = PBXResourcesBuildPhase;
			buildActionMask = 2147483647;
			files = (
			);
			runOnlyForDeploymentPostprocessing = 0;
		};
		1F1E01D61FA2309A00E05229 /* Resources */ = {
			isa = PBXResourcesBuildPhase;
			buildActionMask = 2147483647;
			files = (
			);
			runOnlyForDeploymentPostprocessing = 0;
		};
/* End PBXResourcesBuildPhase section */

/* Begin PBXSourcesBuildPhase section */
		1F1E01B51FA2309A00E05229 /* Sources */ = {
			isa = PBXSourcesBuildPhase;
			buildActionMask = 2147483647;
			files = (
				1F99B4521FAA5E5300BCEEBD /* Reachability.swift in Sources */,
				1F99B4541FAA5F2200BCEEBD /* Toast.swift in Sources */,
				1F99B44C1FAA0E2C00BCEEBD /* UIViewController+Child.swift in Sources */,
				1F99B4571FAA5F6A00BCEEBD /* Store.swift in Sources */,
				1F99B44E1FAA14BA00BCEEBD /* UIColor+Westside.swift in Sources */,
				1F99B4451FAA069E00BCEEBD /* WestsideTabBarContoller.swift in Sources */,
				1FCB41161FA8B82C00B05B67 /* ContainerViewController.swift in Sources */,
				1F99B4471FAA092A00BCEEBD /* TestViewController.swift in Sources */,
				1F1E01BD1FA2309A00E05229 /* AppDelegate.swift in Sources */,
			);
			runOnlyForDeploymentPostprocessing = 0;
		};
		1F1E01C91FA2309A00E05229 /* Sources */ = {
			isa = PBXSourcesBuildPhase;
			buildActionMask = 2147483647;
			files = (
				1F1E01D21FA2309A00E05229 /* Westside_iOSTests.swift in Sources */,
			);
			runOnlyForDeploymentPostprocessing = 0;
		};
		1F1E01D41FA2309A00E05229 /* Sources */ = {
			isa = PBXSourcesBuildPhase;
			buildActionMask = 2147483647;
			files = (
				1F1E01DD1FA2309A00E05229 /* Westside_iOSUITests.swift in Sources */,
			);
			runOnlyForDeploymentPostprocessing = 0;
		};
/* End PBXSourcesBuildPhase section */

/* Begin PBXTargetDependency section */
		1F1E01CF1FA2309A00E05229 /* PBXTargetDependency */ = {
			isa = PBXTargetDependency;
			target = 1F1E01B81FA2309A00E05229 /* Westside-iOS */;
			targetProxy = 1F1E01CE1FA2309A00E05229 /* PBXContainerItemProxy */;
		};
		1F1E01DA1FA2309A00E05229 /* PBXTargetDependency */ = {
			isa = PBXTargetDependency;
			target = 1F1E01B81FA2309A00E05229 /* Westside-iOS */;
			targetProxy = 1F1E01D91FA2309A00E05229 /* PBXContainerItemProxy */;
		};
		1F99B4BC1FAB764000BCEEBD /* PBXTargetDependency */ = {
			isa = PBXTargetDependency;
			name = Forge;
			targetProxy = 1F99B4BB1FAB764000BCEEBD /* PBXContainerItemProxy */;
		};
/* End PBXTargetDependency section */

/* Begin PBXVariantGroup section */
		1F1E01C51FA2309A00E05229 /* LaunchScreen.storyboard */ = {
			isa = PBXVariantGroup;
			children = (
				1F1E01C61FA2309A00E05229 /* Base */,
			);
			name = LaunchScreen.storyboard;
			sourceTree = "<group>";
		};
/* End PBXVariantGroup section */

/* Begin XCBuildConfiguration section */
		1F1E01DF1FA2309A00E05229 /* Debug */ = {
			isa = XCBuildConfiguration;
			buildSettings = {
				ALWAYS_SEARCH_USER_PATHS = NO;
				CLANG_ANALYZER_NONNULL = YES;
				CLANG_ANALYZER_NUMBER_OBJECT_CONVERSION = YES_AGGRESSIVE;
				CLANG_CXX_LANGUAGE_STANDARD = "gnu++14";
				CLANG_CXX_LIBRARY = "libc++";
				CLANG_ENABLE_MODULES = YES;
				CLANG_ENABLE_OBJC_ARC = YES;
				CLANG_WARN_BLOCK_CAPTURE_AUTORELEASING = YES;
				CLANG_WARN_BOOL_CONVERSION = YES;
				CLANG_WARN_COMMA = YES;
				CLANG_WARN_CONSTANT_CONVERSION = YES;
				CLANG_WARN_DIRECT_OBJC_ISA_USAGE = YES_ERROR;
				CLANG_WARN_DOCUMENTATION_COMMENTS = YES;
				CLANG_WARN_EMPTY_BODY = YES;
				CLANG_WARN_ENUM_CONVERSION = YES;
				CLANG_WARN_INFINITE_RECURSION = YES;
				CLANG_WARN_INT_CONVERSION = YES;
				CLANG_WARN_NON_LITERAL_NULL_CONVERSION = YES;
				CLANG_WARN_OBJC_LITERAL_CONVERSION = YES;
				CLANG_WARN_OBJC_ROOT_CLASS = YES_ERROR;
				CLANG_WARN_RANGE_LOOP_ANALYSIS = YES;
				CLANG_WARN_STRICT_PROTOTYPES = YES;
				CLANG_WARN_SUSPICIOUS_MOVE = YES;
				CLANG_WARN_UNGUARDED_AVAILABILITY = YES_AGGRESSIVE;
				CLANG_WARN_UNREACHABLE_CODE = YES;
				CLANG_WARN__DUPLICATE_METHOD_MATCH = YES;
				CODE_SIGN_IDENTITY = "iPhone Developer";
				COPY_PHASE_STRIP = NO;
				DEBUG_INFORMATION_FORMAT = dwarf;
				ENABLE_STRICT_OBJC_MSGSEND = YES;
				ENABLE_TESTABILITY = YES;
				GCC_C_LANGUAGE_STANDARD = gnu11;
				GCC_DYNAMIC_NO_PIC = NO;
				GCC_NO_COMMON_BLOCKS = YES;
				GCC_OPTIMIZATION_LEVEL = 0;
				GCC_PREPROCESSOR_DEFINITIONS = (
					"DEBUG=1",
					"$(inherited)",
				);
				GCC_WARN_64_TO_32_BIT_CONVERSION = YES;
				GCC_WARN_ABOUT_RETURN_TYPE = YES_ERROR;
				GCC_WARN_UNDECLARED_SELECTOR = YES;
				GCC_WARN_UNINITIALIZED_AUTOS = YES_AGGRESSIVE;
				GCC_WARN_UNUSED_FUNCTION = YES;
				GCC_WARN_UNUSED_VARIABLE = YES;
				IPHONEOS_DEPLOYMENT_TARGET = 11.0;
				MTL_ENABLE_DEBUG_INFO = YES;
				ONLY_ACTIVE_ARCH = YES;
				SDKROOT = iphoneos;
				SWIFT_ACTIVE_COMPILATION_CONDITIONS = DEBUG;
				SWIFT_OPTIMIZATION_LEVEL = "-Onone";
			};
			name = Debug;
		};
		1F1E01E01FA2309A00E05229 /* Release */ = {
			isa = XCBuildConfiguration;
			buildSettings = {
				ALWAYS_SEARCH_USER_PATHS = NO;
				CLANG_ANALYZER_NONNULL = YES;
				CLANG_ANALYZER_NUMBER_OBJECT_CONVERSION = YES_AGGRESSIVE;
				CLANG_CXX_LANGUAGE_STANDARD = "gnu++14";
				CLANG_CXX_LIBRARY = "libc++";
				CLANG_ENABLE_MODULES = YES;
				CLANG_ENABLE_OBJC_ARC = YES;
				CLANG_WARN_BLOCK_CAPTURE_AUTORELEASING = YES;
				CLANG_WARN_BOOL_CONVERSION = YES;
				CLANG_WARN_COMMA = YES;
				CLANG_WARN_CONSTANT_CONVERSION = YES;
				CLANG_WARN_DIRECT_OBJC_ISA_USAGE = YES_ERROR;
				CLANG_WARN_DOCUMENTATION_COMMENTS = YES;
				CLANG_WARN_EMPTY_BODY = YES;
				CLANG_WARN_ENUM_CONVERSION = YES;
				CLANG_WARN_INFINITE_RECURSION = YES;
				CLANG_WARN_INT_CONVERSION = YES;
				CLANG_WARN_NON_LITERAL_NULL_CONVERSION = YES;
				CLANG_WARN_OBJC_LITERAL_CONVERSION = YES;
				CLANG_WARN_OBJC_ROOT_CLASS = YES_ERROR;
				CLANG_WARN_RANGE_LOOP_ANALYSIS = YES;
				CLANG_WARN_STRICT_PROTOTYPES = YES;
				CLANG_WARN_SUSPICIOUS_MOVE = YES;
				CLANG_WARN_UNGUARDED_AVAILABILITY = YES_AGGRESSIVE;
				CLANG_WARN_UNREACHABLE_CODE = YES;
				CLANG_WARN__DUPLICATE_METHOD_MATCH = YES;
				CODE_SIGN_IDENTITY = "iPhone Developer";
				COPY_PHASE_STRIP = NO;
				DEBUG_INFORMATION_FORMAT = "dwarf-with-dsym";
				ENABLE_NS_ASSERTIONS = NO;
				ENABLE_STRICT_OBJC_MSGSEND = YES;
				GCC_C_LANGUAGE_STANDARD = gnu11;
				GCC_NO_COMMON_BLOCKS = YES;
				GCC_WARN_64_TO_32_BIT_CONVERSION = YES;
				GCC_WARN_ABOUT_RETURN_TYPE = YES_ERROR;
				GCC_WARN_UNDECLARED_SELECTOR = YES;
				GCC_WARN_UNINITIALIZED_AUTOS = YES_AGGRESSIVE;
				GCC_WARN_UNUSED_FUNCTION = YES;
				GCC_WARN_UNUSED_VARIABLE = YES;
				IPHONEOS_DEPLOYMENT_TARGET = 11.0;
				MTL_ENABLE_DEBUG_INFO = NO;
				SDKROOT = iphoneos;
				SWIFT_OPTIMIZATION_LEVEL = "-Owholemodule";
				VALIDATE_PRODUCT = YES;
			};
			name = Release;
		};
		1F1E01E21FA2309A00E05229 /* Debug */ = {
			isa = XCBuildConfiguration;
			buildSettings = {
				ALWAYS_EMBED_SWIFT_STANDARD_LIBRARIES = YES;
				ALWAYS_SEARCH_USER_PATHS = NO;
				ASSETCATALOG_COMPILER_APPICON_NAME = AppIcon;
				CODE_SIGN_STYLE = Automatic;
				FRAMEWORK_SEARCH_PATHS = (
					"$(inherited)",
					"$(PROJECT_DIR)",
				);
				INFOPLIST_FILE = "Westside-iOS/Info.plist";
				LD_RUNPATH_SEARCH_PATHS = "$(inherited) @executable_path/Frameworks";
				PRODUCT_BUNDLE_IDENTIFIER = "Digicraft.Westside-iOS";
				PRODUCT_NAME = "$(TARGET_NAME)";
				SWIFT_VERSION = 4.0;
				TARGETED_DEVICE_FAMILY = "1,2";
			};
			name = Debug;
		};
		1F1E01E31FA2309A00E05229 /* Release */ = {
			isa = XCBuildConfiguration;
			buildSettings = {
				ALWAYS_EMBED_SWIFT_STANDARD_LIBRARIES = YES;
				ALWAYS_SEARCH_USER_PATHS = NO;
				ASSETCATALOG_COMPILER_APPICON_NAME = AppIcon;
				CODE_SIGN_STYLE = Automatic;
				FRAMEWORK_SEARCH_PATHS = (
					"$(inherited)",
					"$(PROJECT_DIR)",
				);
				INFOPLIST_FILE = "Westside-iOS/Info.plist";
				LD_RUNPATH_SEARCH_PATHS = "$(inherited) @executable_path/Frameworks";
				PRODUCT_BUNDLE_IDENTIFIER = "Digicraft.Westside-iOS";
				PRODUCT_NAME = "$(TARGET_NAME)";
				SWIFT_VERSION = 4.0;
				TARGETED_DEVICE_FAMILY = "1,2";
			};
			name = Release;
		};
		1F1E01E51FA2309A00E05229 /* Debug */ = {
			isa = XCBuildConfiguration;
			buildSettings = {
				ALWAYS_EMBED_SWIFT_STANDARD_LIBRARIES = YES;
				BUNDLE_LOADER = "$(TEST_HOST)";
				CODE_SIGN_STYLE = Automatic;
				INFOPLIST_FILE = "Westside-iOSTests/Info.plist";
				LD_RUNPATH_SEARCH_PATHS = "$(inherited) @executable_path/Frameworks @loader_path/Frameworks";
				PRODUCT_BUNDLE_IDENTIFIER = "Digicraft.Westside-iOSTests";
				PRODUCT_NAME = "$(TARGET_NAME)";
				SWIFT_VERSION = 4.0;
				TARGETED_DEVICE_FAMILY = "1,2";
				TEST_HOST = "$(BUILT_PRODUCTS_DIR)/Westside-iOS.app/Westside-iOS";
			};
			name = Debug;
		};
		1F1E01E61FA2309A00E05229 /* Release */ = {
			isa = XCBuildConfiguration;
			buildSettings = {
				ALWAYS_EMBED_SWIFT_STANDARD_LIBRARIES = YES;
				BUNDLE_LOADER = "$(TEST_HOST)";
				CODE_SIGN_STYLE = Automatic;
				INFOPLIST_FILE = "Westside-iOSTests/Info.plist";
				LD_RUNPATH_SEARCH_PATHS = "$(inherited) @executable_path/Frameworks @loader_path/Frameworks";
				PRODUCT_BUNDLE_IDENTIFIER = "Digicraft.Westside-iOSTests";
				PRODUCT_NAME = "$(TARGET_NAME)";
				SWIFT_VERSION = 4.0;
				TARGETED_DEVICE_FAMILY = "1,2";
				TEST_HOST = "$(BUILT_PRODUCTS_DIR)/Westside-iOS.app/Westside-iOS";
			};
			name = Release;
		};
		1F1E01E81FA2309A00E05229 /* Debug */ = {
			isa = XCBuildConfiguration;
			buildSettings = {
				ALWAYS_EMBED_SWIFT_STANDARD_LIBRARIES = YES;
				CODE_SIGN_STYLE = Automatic;
				INFOPLIST_FILE = "Westside-iOSUITests/Info.plist";
				LD_RUNPATH_SEARCH_PATHS = "$(inherited) @executable_path/Frameworks @loader_path/Frameworks";
				PRODUCT_BUNDLE_IDENTIFIER = "Digicraft.Westside-iOSUITests";
				PRODUCT_NAME = "$(TARGET_NAME)";
				SWIFT_VERSION = 4.0;
				TARGETED_DEVICE_FAMILY = "1,2";
				TEST_TARGET_NAME = "Westside-iOS";
			};
			name = Debug;
		};
		1F1E01E91FA2309A00E05229 /* Release */ = {
			isa = XCBuildConfiguration;
			buildSettings = {
				ALWAYS_EMBED_SWIFT_STANDARD_LIBRARIES = YES;
				CODE_SIGN_STYLE = Automatic;
				INFOPLIST_FILE = "Westside-iOSUITests/Info.plist";
				LD_RUNPATH_SEARCH_PATHS = "$(inherited) @executable_path/Frameworks @loader_path/Frameworks";
				PRODUCT_BUNDLE_IDENTIFIER = "Digicraft.Westside-iOSUITests";
				PRODUCT_NAME = "$(TARGET_NAME)";
				SWIFT_VERSION = 4.0;
				TARGETED_DEVICE_FAMILY = "1,2";
				TEST_TARGET_NAME = "Westside-iOS";
			};
			name = Release;
		};
/* End XCBuildConfiguration section */

/* Begin XCConfigurationList section */
		1F1E01B41FA2309A00E05229 /* Build configuration list for PBXProject "Westside-iOS" */ = {
			isa = XCConfigurationList;
			buildConfigurations = (
				1F1E01DF1FA2309A00E05229 /* Debug */,
				1F1E01E01FA2309A00E05229 /* Release */,
			);
			defaultConfigurationIsVisible = 0;
			defaultConfigurationName = Release;
		};
		1F1E01E11FA2309A00E05229 /* Build configuration list for PBXNativeTarget "Westside-iOS" */ = {
			isa = XCConfigurationList;
			buildConfigurations = (
				1F1E01E21FA2309A00E05229 /* Debug */,
				1F1E01E31FA2309A00E05229 /* Release */,
			);
			defaultConfigurationIsVisible = 0;
			defaultConfigurationName = Release;
		};
		1F1E01E41FA2309A00E05229 /* Build configuration list for PBXNativeTarget "Westside-iOSTests" */ = {
			isa = XCConfigurationList;
			buildConfigurations = (
				1F1E01E51FA2309A00E05229 /* Debug */,
				1F1E01E61FA2309A00E05229 /* Release */,
			);
			defaultConfigurationIsVisible = 0;
			defaultConfigurationName = Release;
		};
		1F1E01E71FA2309A00E05229 /* Build configuration list for PBXNativeTarget "Westside-iOSUITests" */ = {
			isa = XCConfigurationList;
			buildConfigurations = (
				1F1E01E81FA2309A00E05229 /* Debug */,
				1F1E01E91FA2309A00E05229 /* Release */,
			);
			defaultConfigurationIsVisible = 0;
			defaultConfigurationName = Release;
		};
/* End XCConfigurationList section */
	};
	rootObject = 1F1E01B11FA2309A00E05229 /* Project object */;
}
